
Microsoft Visual Studio Solution File, Format Version 11.00
# Visual Studio 2010
Project("{FAE04EC0-301F-11D3-BF4B-00C04F79EFBC}") = "EntryPoint", "SEPraktikum\EntryPoint.csproj", "{76A4DFAD-72A0-461F-BDA4-E4C497587DD3}"
EndProject
Project("{FAE04EC0-301F-11D3-BF4B-00C04F79EFBC}") = "Base", "Base\Base.csproj", "{4FCA7BC2-B5FD-4192-81BD-A86B18F78339}"
EndProject
Project("{FAE04EC0-301F-11D3-BF4B-00C04F79EFBC}") = "Database", "Database\Database.csproj", "{D54D34FF-8ABC-4AEE-9190-7D0E48D49FED}"
EndProject
Project("{FAE04EC0-301F-11D3-BF4B-00C04F79EFBC}") = "Kino", "Cinema\Kino.csproj", "{FFDCF527-C890-4B77-A201-292D5E0CE18F}"
EndProject
Project("{FAE04EC0-301F-11D3-BF4B-00C04F79EFBC}") = "Finanzen", "Finances\Finanzen.csproj", "{22E855AA-DE16-4254-ABC3-A413790289E9}"
EndProject
Project("{FAE04EC0-301F-11D3-BF4B-00C04F79EFBC}") = "Benutzer", "Users\Benutzer.csproj", "{16617112-8305-4A0C-911A-3EFF4573B7E1}"
EndProject
Project("{FAE04EC0-301F-11D3-BF4B-00C04F79EFBC}") = "Kinokarten", "TicketOperations\Kinokarten.csproj", "{693E8C0C-D47E-4483-8755-3722DCB841D5}"
EndProject
Project("{FAE04EC0-301F-11D3-BF4B-00C04F79EFBC}") = "GUI", "GUI\GUI.csproj", "{723196A8-77B3-4EF6-9CAA-9C808924D210}"
EndProject
Project("{FAE04EC0-301F-11D3-BF4B-00C04F79EFBC}") = "Anwendungskern", "Anwendungskern\Anwendungskern.csproj", "{933F4F12-DE06-4E09-8A8D-1AD192363219}"
EndProject
Project("{FAE04EC0-301F-11D3-BF4B-00C04F79EFBC}") = "TestAnwendungskern", "TestAnwendungskern\TestAnwendungskern.csproj", "{71381EF0-8788-40DA-BE46-064C2800CAD8}"
EndProject
Project("{2150E333-8FDC-42A3-9474-1A3956D46DE8}") = "Solution Items", "Solution Items", "{6704A00E-7FEC-420B-B9C2-2E8154854181}"
	ProjectSection(SolutionItems) = preProject
		Local.testsettings = Local.testsettings
		SEPraktikum.vsmdi = SEPraktikum.vsmdi
		TraceAndTestImpact.testsettings = TraceAndTestImpact.testsettings
	EndProjectSection
EndProject
Project("{FAE04EC0-301F-11D3-BF4B-00C04F79EFBC}") = "SystemAdministration", "SystemAdministration\SystemAdministration.csproj", "{869A189E-5C21-49FF-AEDF-A8F449569FD4}"
EndProject
Global
	GlobalSection(TestCaseManagementSettings) = postSolution
		CategoryFile = SEPraktikum.vsmdi
	EndGlobalSection
	GlobalSection(SolutionConfigurationPlatforms) = preSolution
		Debug|Any CPU = Debug|Any CPU
		Debug|Mixed Platforms = Debug|Mixed Platforms
		Debug|x86 = Debug|x86
		Release|Any CPU = Release|Any CPU
		Release|Mixed Platforms = Release|Mixed Platforms
		Release|x86 = Release|x86
	EndGlobalSection
	GlobalSection(ProjectConfigurationPlatforms) = postSolution
		{76A4DFAD-72A0-461F-BDA4-E4C497587DD3}.Debug|Any CPU.ActiveCfg = Debug|x86
		{76A4DFAD-72A0-461F-BDA4-E4C497587DD3}.Debug|Mixed Platforms.ActiveCfg = Debug|x86
		{76A4DFAD-72A0-461F-BDA4-E4C497587DD3}.Debug|Mixed Platforms.Build.0 = Debug|x86
		{76A4DFAD-72A0-461F-BDA4-E4C497587DD3}.Debug|x86.ActiveCfg = Debug|x86
		{76A4DFAD-72A0-461F-BDA4-E4C497587DD3}.Debug|x86.Build.0 = Debug|x86
		{76A4DFAD-72A0-461F-BDA4-E4C497587DD3}.Release|Any CPU.ActiveCfg = Release|x86
		{76A4DFAD-72A0-461F-BDA4-E4C497587DD3}.Release|Mixed Platforms.ActiveCfg = Release|x86
		{76A4DFAD-72A0-461F-BDA4-E4C497587DD3}.Release|Mixed Platforms.Build.0 = Release|x86
		{76A4DFAD-72A0-461F-BDA4-E4C497587DD3}.Release|x86.ActiveCfg = Release|x86
		{76A4DFAD-72A0-461F-BDA4-E4C497587DD3}.Release|x86.Build.0 = Release|x86
		{4FCA7BC2-B5FD-4192-81BD-A86B18F78339}.Debug|Any CPU.ActiveCfg = Debug|x86
		{4FCA7BC2-B5FD-4192-81BD-A86B18F78339}.Debug|Mixed Platforms.ActiveCfg = Debug|x86
		{4FCA7BC2-B5FD-4192-81BD-A86B18F78339}.Debug|Mixed Platforms.Build.0 = Debug|x86
		{4FCA7BC2-B5FD-4192-81BD-A86B18F78339}.Debug|x86.ActiveCfg = Debug|x86
		{4FCA7BC2-B5FD-4192-81BD-A86B18F78339}.Debug|x86.Build.0 = Debug|x86
		{4FCA7BC2-B5FD-4192-81BD-A86B18F78339}.Release|Any CPU.ActiveCfg = Release|x86
		{4FCA7BC2-B5FD-4192-81BD-A86B18F78339}.Release|Mixed Platforms.ActiveCfg = Release|x86
		{4FCA7BC2-B5FD-4192-81BD-A86B18F78339}.Release|Mixed Platforms.Build.0 = Release|x86
		{4FCA7BC2-B5FD-4192-81BD-A86B18F78339}.Release|x86.ActiveCfg = Release|x86
		{4FCA7BC2-B5FD-4192-81BD-A86B18F78339}.Release|x86.Build.0 = Release|x86
		{D54D34FF-8ABC-4AEE-9190-7D0E48D49FED}.Debug|Any CPU.ActiveCfg = Debug|x86
		{D54D34FF-8ABC-4AEE-9190-7D0E48D49FED}.Debug|Mixed Platforms.ActiveCfg = Debug|x86
		{D54D34FF-8ABC-4AEE-9190-7D0E48D49FED}.Debug|Mixed Platforms.Build.0 = Debug|x86
		{D54D34FF-8ABC-4AEE-9190-7D0E48D49FED}.Debug|x86.ActiveCfg = Debug|x86
		{D54D34FF-8ABC-4AEE-9190-7D0E48D49FED}.Debug|x86.Build.0 = Debug|x86
		{D54D34FF-8ABC-4AEE-9190-7D0E48D49FED}.Release|Any CPU.ActiveCfg = Release|x86
		{D54D34FF-8ABC-4AEE-9190-7D0E48D49FED}.Release|Mixed Platforms.ActiveCfg = Release|x86
		{D54D34FF-8ABC-4AEE-9190-7D0E48D49FED}.Release|Mixed Platforms.Build.0 = Release|x86
		{D54D34FF-8ABC-4AEE-9190-7D0E48D49FED}.Release|x86.ActiveCfg = Release|x86
		{D54D34FF-8ABC-4AEE-9190-7D0E48D49FED}.Release|x86.Build.0 = Release|x86
		{FFDCF527-C890-4B77-A201-292D5E0CE18F}.Debug|Any CPU.ActiveCfg = Debug|x86
		{FFDCF527-C890-4B77-A201-292D5E0CE18F}.Debug|Mixed Platforms.ActiveCfg = Debug|x86
		{FFDCF527-C890-4B77-A201-292D5E0CE18F}.Debug|Mixed Platforms.Build.0 = Debug|x86
		{FFDCF527-C890-4B77-A201-292D5E0CE18F}.Debug|x86.ActiveCfg = Debug|x86
		{FFDCF527-C890-4B77-A201-292D5E0CE18F}.Debug|x86.Build.0 = Debug|x86
		{FFDCF527-C890-4B77-A201-292D5E0CE18F}.Release|Any CPU.ActiveCfg = Release|x86
		{FFDCF527-C890-4B77-A201-292D5E0CE18F}.Release|Mixed Platforms.ActiveCfg = Release|x86
		{FFDCF527-C890-4B77-A201-292D5E0CE18F}.Release|Mixed Platforms.Build.0 = Release|x86
		{FFDCF527-C890-4B77-A201-292D5E0CE18F}.Release|x86.ActiveCfg = Release|x86
		{FFDCF527-C890-4B77-A201-292D5E0CE18F}.Release|x86.Build.0 = Release|x86
		{22E855AA-DE16-4254-ABC3-A413790289E9}.Debug|Any CPU.ActiveCfg = Debug|x86
		{22E855AA-DE16-4254-ABC3-A413790289E9}.Debug|Mixed Platforms.ActiveCfg = Debug|x86
		{22E855AA-DE16-4254-ABC3-A413790289E9}.Debug|Mixed Platforms.Build.0 = Debug|x86
		{22E855AA-DE16-4254-ABC3-A413790289E9}.Debug|x86.ActiveCfg = Debug|x86
		{22E855AA-DE16-4254-ABC3-A413790289E9}.Debug|x86.Build.0 = Debug|x86
		{22E855AA-DE16-4254-ABC3-A413790289E9}.Release|Any CPU.ActiveCfg = Release|x86
		{22E855AA-DE16-4254-ABC3-A413790289E9}.Release|Mixed Platforms.ActiveCfg = Release|x86
		{22E855AA-DE16-4254-ABC3-A413790289E9}.Release|Mixed Platforms.Build.0 = Release|x86
		{22E855AA-DE16-4254-ABC3-A413790289E9}.Release|x86.ActiveCfg = Release|x86
		{22E855AA-DE16-4254-ABC3-A413790289E9}.Release|x86.Build.0 = Release|x86
		{16617112-8305-4A0C-911A-3EFF4573B7E1}.Debug|Any CPU.ActiveCfg = Debug|x86
		{16617112-8305-4A0C-911A-3EFF4573B7E1}.Debug|Mixed Platforms.ActiveCfg = Debug|x86
		{16617112-8305-4A0C-911A-3EFF4573B7E1}.Debug|Mixed Platforms.Build.0 = Debug|x86
		{16617112-8305-4A0C-911A-3EFF4573B7E1}.Debug|x86.ActiveCfg = Debug|x86
		{16617112-8305-4A0C-911A-3EFF4573B7E1}.Debug|x86.Build.0 = Debug|x86
		{16617112-8305-4A0C-911A-3EFF4573B7E1}.Release|Any CPU.ActiveCfg = Release|x86
		{16617112-8305-4A0C-911A-3EFF4573B7E1}.Release|Mixed Platforms.ActiveCfg = Release|x86
		{16617112-8305-4A0C-911A-3EFF4573B7E1}.Release|Mixed Platforms.Build.0 = Release|x86
		{16617112-8305-4A0C-911A-3EFF4573B7E1}.Release|x86.ActiveCfg = Release|x86
		{16617112-8305-4A0C-911A-3EFF4573B7E1}.Release|x86.Build.0 = Release|x86
		{693E8C0C-D47E-4483-8755-3722DCB841D5}.Debug|Any CPU.ActiveCfg = Debug|x86
		{693E8C0C-D47E-4483-8755-3722DCB841D5}.Debug|Mixed Platforms.ActiveCfg = Debug|x86
		{693E8C0C-D47E-4483-8755-3722DCB841D5}.Debug|Mixed Platforms.Build.0 = Debug|x86
		{693E8C0C-D47E-4483-8755-3722DCB841D5}.Debug|x86.ActiveCfg = Debug|x86
		{693E8C0C-D47E-4483-8755-3722DCB841D5}.Debug|x86.Build.0 = Debug|x86
		{693E8C0C-D47E-4483-8755-3722DCB841D5}.Release|Any CPU.ActiveCfg = Release|x86
		{693E8C0C-D47E-4483-8755-3722DCB841D5}.Release|Mixed Platforms.ActiveCfg = Release|x86
		{693E8C0C-D47E-4483-8755-3722DCB841D5}.Release|Mixed Platforms.Build.0 = Release|x86
		{693E8C0C-D47E-4483-8755-3722DCB841D5}.Release|x86.ActiveCfg = Release|x86
		{693E8C0C-D47E-4483-8755-3722DCB841D5}.Release|x86.Build.0 = Release|x86
		{723196A8-77B3-4EF6-9CAA-9C808924D210}.Debug|Any CPU.ActiveCfg = Debug|x86
		{723196A8-77B3-4EF6-9CAA-9C808924D210}.Debug|Mixed Platforms.ActiveCfg = Debug|x86
		{723196A8-77B3-4EF6-9CAA-9C808924D210}.Debug|Mixed Platforms.Build.0 = Debug|x86
		{723196A8-77B3-4EF6-9CAA-9C808924D210}.Debug|x86.ActiveCfg = Debug|x86
		{723196A8-77B3-4EF6-9CAA-9C808924D210}.Debug|x86.Build.0 = Debug|x86
		{723196A8-77B3-4EF6-9CAA-9C808924D210}.Release|Any CPU.ActiveCfg = Release|x86
		{723196A8-77B3-4EF6-9CAA-9C808924D210}.Release|Mixed Platforms.ActiveCfg = Release|x86
		{723196A8-77B3-4EF6-9CAA-9C808924D210}.Release|Mixed Platforms.Build.0 = Release|x86
		{723196A8-77B3-4EF6-9CAA-9C808924D210}.Release|x86.ActiveCfg = Release|x86
		{723196A8-77B3-4EF6-9CAA-9C808924D210}.Release|x86.Build.0 = Release|x86
		{933F4F12-DE06-4E09-8A8D-1AD192363219}.Debug|Any CPU.ActiveCfg = Debug|x86
		{933F4F12-DE06-4E09-8A8D-1AD192363219}.Debug|Mixed Platforms.ActiveCfg = Debug|x86
		{933F4F12-DE06-4E09-8A8D-1AD192363219}.Debug|Mixed Platforms.Build.0 = Debug|x86
		{933F4F12-DE06-4E09-8A8D-1AD192363219}.Debug|x86.ActiveCfg = Debug|x86
		{933F4F12-DE06-4E09-8A8D-1AD192363219}.Debug|x86.Build.0 = Debug|x86
		{933F4F12-DE06-4E09-8A8D-1AD192363219}.Release|Any CPU.ActiveCfg = Release|x86
		{933F4F12-DE06-4E09-8A8D-1AD192363219}.Release|Mixed Platforms.ActiveCfg = Release|x86
		{933F4F12-DE06-4E09-8A8D-1AD192363219}.Release|Mixed Platforms.Build.0 = Release|x86
		{933F4F12-DE06-4E09-8A8D-1AD192363219}.Release|x86.ActiveCfg = Release|x86
		{933F4F12-DE06-4E09-8A8D-1AD192363219}.Release|x86.Build.0 = Release|x86
		{71381EF0-8788-40DA-BE46-064C2800CAD8}.Debug|Any CPU.ActiveCfg = Debug|Any CPU
		{71381EF0-8788-40DA-BE46-064C2800CAD8}.Debug|Any CPU.Build.0 = Debug|Any CPU
		{71381EF0-8788-40DA-BE46-064C2800CAD8}.Debug|Mixed Platforms.ActiveCfg = Debug|Any CPU
		{71381EF0-8788-40DA-BE46-064C2800CAD8}.Debug|Mixed Platforms.Build.0 = Debug|Any CPU
		{71381EF0-8788-40DA-BE46-064C2800CAD8}.Debug|x86.ActiveCfg = Debug|Any CPU
		{71381EF0-8788-40DA-BE46-064C2800CAD8}.Release|Any CPU.ActiveCfg = Release|Any CPU
		{71381EF0-8788-40DA-BE46-064C2800CAD8}.Release|Any CPU.Build.0 = Release|Any CPU
		{71381EF0-8788-40DA-BE46-064C2800CAD8}.Release|Mixed Platforms.ActiveCfg = Release|Any CPU
		{71381EF0-8788-40DA-BE46-064C2800CAD8}.Release|Mixed Platforms.Build.0 = Release|Any CPU
		{71381EF0-8788-40DA-BE46-064C2800CAD8}.Release|x86.ActiveCfg = Release|Any CPU
		{869A189E-5C21-49FF-AEDF-A8F449569FD4}.Debug|Any CPU.ActiveCfg = Debug|x86
		{869A189E-5C21-49FF-AEDF-A8F449569FD4}.Debug|Mixed Platforms.ActiveCfg = Debug|x86
		{869A189E-5C21-49FF-AEDF-A8F449569FD4}.Debug|Mixed Platforms.Build.0 = Debug|x86
		{869A189E-5C21-49FF-AEDF-A8F449569FD4}.Debug|x86.ActiveCfg = Debug|x86
		{869A189E-5C21-49FF-AEDF-A8F449569FD4}.Debug|x86.Build.0 = Debug|x86
		{869A189E-5C21-49FF-AEDF-A8F449569FD4}.Release|Any CPU.ActiveCfg = Release|x86
		{869A189E-5C21-49FF-AEDF-A8F449569FD4}.Release|Mixed Platforms.ActiveCfg = Release|x86
		{869A189E-5C21-49FF-AEDF-A8F449569FD4}.Release|Mixed Platforms.Build.0 = Release|x86
		{869A189E-5C21-49FF-AEDF-A8F449569FD4}.Release|x86.ActiveCfg = Release|x86
		{869A189E-5C21-49FF-AEDF-A8F449569FD4}.Release|x86.Build.0 = Release|x86
	EndGlobalSection
	GlobalSection(SolutionProperties) = preSolution
		HideSolutionNode = FALSE
	EndGlobalSection
EndGlobal
